
Microsoft Visual Studio Solution File, Format Version 12.00
Project("{FAE04EC0-301F-11D3-BF4B-00C04F79EFBC}") = "LabOneA", "LabOneA\LabOneA.csproj", "{11239F00-52AF-4444-A45F-5B4DF0FF237D}"
EndProject
Project("{FAE04EC0-301F-11D3-BF4B-00C04F79EFBC}") = "LabOneB", "LabOneB\LabOneB.csproj", "{B354F310-B923-4B0C-B6D6-C83B0C293DBA}"
EndProject
Project("{FAE04EC0-301F-11D3-BF4B-00C04F79EFBC}") = "LabTwoA", "LabTwoA\LabTwoA.csproj", "{58856E84-2E89-41F1-A1BC-BBF53C4FDE56}"
EndProject
Project("{FAE04EC0-301F-11D3-BF4B-00C04F79EFBC}") = "AssignmentOneB", "AssignmentOneB\AssignmentOneB.csproj", "{F90C71D2-4C2B-412C-B957-90DF58EF96C6}"
EndProject
Project("{FAE04EC0-301F-11D3-BF4B-00C04F79EFBC}") = "AssignmentTwoB", "AssignmentTwoB\AssignmentTwoB.csproj", "{38EC8380-7032-437F-9BCC-985FB87BB2EC}"
EndProject
Project("{FAE04EC0-301F-11D3-BF4B-00C04F79EFBC}") = "LabTwoB", "LabTwoB\LabTwoB.csproj", "{0FA876F3-350B-4D72-ACD1-0A21AB93E26C}"
EndProject
Project("{FAE04EC0-301F-11D3-BF4B-00C04F79EFBC}") = "LabThreeA", "LabThreeA\LabThreeA.csproj", "{F774BE49-72B0-4987-93ED-8D4836830DD4}"
EndProject
Project("{FAE04EC0-301F-11D3-BF4B-00C04F79EFBC}") = "AssignmentThreeB", "AssignmentThreeB\AssignmentThreeB.csproj", "{E1F23F13-B09C-4A3B-BA9B-88138D1ED807}"
EndProject
Project("{FAE04EC0-301F-11D3-BF4B-00C04F79EFBC}") = "LabThreeB", "LabThreeB\LabThreeB.csproj", "{EC93D13C-A1F6-4D5F-9B33-ED3F604A2FC5}"
EndProject
Project("{FAE04EC0-301F-11D3-BF4B-00C04F79EFBC}") = "LabFourA", "LabFourA\LabFourA.csproj", "{C13207F5-1EED-4765-A605-0C0D2BA3D798}"
EndProject
Project("{FAE04EC0-301F-11D3-BF4B-00C04F79EFBC}") = "AssignmentFourB", "AssignmentFourB\AssignmentFourB.csproj", "{DD6C6098-0CB0-4C5B-A2B4-9E41700C8262}"
EndProject
Project("{FAE04EC0-301F-11D3-BF4B-00C04F79EFBC}") = "LabFiveA", "LabFiveA\LabFiveA.csproj", "{CC2578B7-0502-4592-AC9A-68327D412E9B}"
EndProject
Project("{FAE04EC0-301F-11D3-BF4B-00C04F79EFBC}") = "LabFiveB", "LabFiveB\LabFiveB.csproj", "{EADC7B74-1ADE-4773-9E69-FF284CB33ABA}"
EndProject
Project("{FAE04EC0-301F-11D3-BF4B-00C04F79EFBC}") = "AssignmentFiveB", "AssignmentFiveB\AssignmentFiveB.csproj", "{D31A565C-8F24-4981-9E4A-BE0F4DACF500}"
EndProject
Project("{FAE04EC0-301F-11D3-BF4B-00C04F79EFBC}") = "LabSixA", "LabSixA\LabSixA.csproj", "{E9AA11F5-7351-416A-90DC-8A7C64E8BAB2}"
EndProject
Project("{FAE04EC0-301F-11D3-BF4B-00C04F79EFBC}") = "AssignmentSixB", "AssignmentSixB\AssignmentSixB.csproj", "{2281412F-FD26-40C9-AF37-3D305D21CFA7}"
EndProject
Project("{FAE04EC0-301F-11D3-BF4B-00C04F79EFBC}") = "LabSixB", "LabSixB\LabSixB.csproj", "{28D96D29-35F7-4483-91DF-8B5319AB0F27}"
EndProject
Global
	GlobalSection(SolutionConfigurationPlatforms) = preSolution
		Debug|Any CPU = Debug|Any CPU
		Release|Any CPU = Release|Any CPU
	EndGlobalSection
	GlobalSection(ProjectConfigurationPlatforms) = postSolution
		{11239F00-52AF-4444-A45F-5B4DF0FF237D}.Debug|Any CPU.ActiveCfg = Debug|Any CPU
		{11239F00-52AF-4444-A45F-5B4DF0FF237D}.Debug|Any CPU.Build.0 = Debug|Any CPU
		{11239F00-52AF-4444-A45F-5B4DF0FF237D}.Release|Any CPU.ActiveCfg = Release|Any CPU
		{11239F00-52AF-4444-A45F-5B4DF0FF237D}.Release|Any CPU.Build.0 = Release|Any CPU
		{B354F310-B923-4B0C-B6D6-C83B0C293DBA}.Debug|Any CPU.ActiveCfg = Debug|Any CPU
		{B354F310-B923-4B0C-B6D6-C83B0C293DBA}.Debug|Any CPU.Build.0 = Debug|Any CPU
		{B354F310-B923-4B0C-B6D6-C83B0C293DBA}.Release|Any CPU.ActiveCfg = Release|Any CPU
		{B354F310-B923-4B0C-B6D6-C83B0C293DBA}.Release|Any CPU.Build.0 = Release|Any CPU
		{58856E84-2E89-41F1-A1BC-BBF53C4FDE56}.Debug|Any CPU.ActiveCfg = Debug|Any CPU
		{58856E84-2E89-41F1-A1BC-BBF53C4FDE56}.Debug|Any CPU.Build.0 = Debug|Any CPU
		{58856E84-2E89-41F1-A1BC-BBF53C4FDE56}.Release|Any CPU.ActiveCfg = Release|Any CPU
		{58856E84-2E89-41F1-A1BC-BBF53C4FDE56}.Release|Any CPU.Build.0 = Release|Any CPU
		{F90C71D2-4C2B-412C-B957-90DF58EF96C6}.Debug|Any CPU.ActiveCfg = Debug|Any CPU
		{F90C71D2-4C2B-412C-B957-90DF58EF96C6}.Debug|Any CPU.Build.0 = Debug|Any CPU
		{F90C71D2-4C2B-412C-B957-90DF58EF96C6}.Release|Any CPU.ActiveCfg = Release|Any CPU
		{F90C71D2-4C2B-412C-B957-90DF58EF96C6}.Release|Any CPU.Build.0 = Release|Any CPU
		{38EC8380-7032-437F-9BCC-985FB87BB2EC}.Debug|Any CPU.ActiveCfg = Debug|Any CPU
		{38EC8380-7032-437F-9BCC-985FB87BB2EC}.Debug|Any CPU.Build.0 = Debug|Any CPU
		{38EC8380-7032-437F-9BCC-985FB87BB2EC}.Release|Any CPU.ActiveCfg = Release|Any CPU
		{38EC8380-7032-437F-9BCC-985FB87BB2EC}.Release|Any CPU.Build.0 = Release|Any CPU
		{0FA876F3-350B-4D72-ACD1-0A21AB93E26C}.Debug|Any CPU.ActiveCfg = Debug|Any CPU
		{0FA876F3-350B-4D72-ACD1-0A21AB93E26C}.Debug|Any CPU.Build.0 = Debug|Any CPU
		{0FA876F3-350B-4D72-ACD1-0A21AB93E26C}.Release|Any CPU.ActiveCfg = Release|Any CPU
		{0FA876F3-350B-4D72-ACD1-0A21AB93E26C}.Release|Any CPU.Build.0 = Release|Any CPU
		{F774BE49-72B0-4987-93ED-8D4836830DD4}.Debug|Any CPU.ActiveCfg = Debug|Any CPU
		{F774BE49-72B0-4987-93ED-8D4836830DD4}.Debug|Any CPU.Build.0 = Debug|Any CPU
		{F774BE49-72B0-4987-93ED-8D4836830DD4}.Release|Any CPU.ActiveCfg = Release|Any CPU
		{F774BE49-72B0-4987-93ED-8D4836830DD4}.Release|Any CPU.Build.0 = Release|Any CPU
		{E1F23F13-B09C-4A3B-BA9B-88138D1ED807}.Debug|Any CPU.ActiveCfg = Debug|Any CPU
		{E1F23F13-B09C-4A3B-BA9B-88138D1ED807}.Debug|Any CPU.Build.0 = Debug|Any CPU
		{E1F23F13-B09C-4A3B-BA9B-88138D1ED807}.Release|Any CPU.ActiveCfg = Release|Any CPU
		{E1F23F13-B09C-4A3B-BA9B-88138D1ED807}.Release|Any CPU.Build.0 = Release|Any CPU
		{EC93D13C-A1F6-4D5F-9B33-ED3F604A2FC5}.Debug|Any CPU.ActiveCfg = Debug|Any CPU
		{EC93D13C-A1F6-4D5F-9B33-ED3F604A2FC5}.Debug|Any CPU.Build.0 = Debug|Any CPU
		{EC93D13C-A1F6-4D5F-9B33-ED3F604A2FC5}.Release|Any CPU.ActiveCfg = Release|Any CPU
		{EC93D13C-A1F6-4D5F-9B33-ED3F604A2FC5}.Release|Any CPU.Build.0 = Release|Any CPU
		{C13207F5-1EED-4765-A605-0C0D2BA3D798}.Debug|Any CPU.ActiveCfg = Debug|Any CPU
		{C13207F5-1EED-4765-A605-0C0D2BA3D798}.Debug|Any CPU.Build.0 = Debug|Any CPU
		{C13207F5-1EED-4765-A605-0C0D2BA3D798}.Release|Any CPU.ActiveCfg = Release|Any CPU
		{C13207F5-1EED-4765-A605-0C0D2BA3D798}.Release|Any CPU.Build.0 = Release|Any CPU
		{DD6C6098-0CB0-4C5B-A2B4-9E41700C8262}.Debug|Any CPU.ActiveCfg = Debug|Any CPU
		{DD6C6098-0CB0-4C5B-A2B4-9E41700C8262}.Debug|Any CPU.Build.0 = Debug|Any CPU
		{DD6C6098-0CB0-4C5B-A2B4-9E41700C8262}.Release|Any CPU.ActiveCfg = Release|Any CPU
		{DD6C6098-0CB0-4C5B-A2B4-9E41700C8262}.Release|Any CPU.Build.0 = Release|Any CPU
		{CC2578B7-0502-4592-AC9A-68327D412E9B}.Debug|Any CPU.ActiveCfg = Debug|Any CPU
		{CC2578B7-0502-4592-AC9A-68327D412E9B}.Debug|Any CPU.Build.0 = Debug|Any CPU
		{CC2578B7-0502-4592-AC9A-68327D412E9B}.Release|Any CPU.ActiveCfg = Release|Any CPU
		{CC2578B7-0502-4592-AC9A-68327D412E9B}.Release|Any CPU.Build.0 = Release|Any CPU
		{EADC7B74-1ADE-4773-9E69-FF284CB33ABA}.Debug|Any CPU.ActiveCfg = Debug|Any CPU
		{EADC7B74-1ADE-4773-9E69-FF284CB33ABA}.Debug|Any CPU.Build.0 = Debug|Any CPU
		{EADC7B74-1ADE-4773-9E69-FF284CB33ABA}.Release|Any CPU.ActiveCfg = Release|Any CPU
		{EADC7B74-1ADE-4773-9E69-FF284CB33ABA}.Release|Any CPU.Build.0 = Release|Any CPU
		{D31A565C-8F24-4981-9E4A-BE0F4DACF500}.Debug|Any CPU.ActiveCfg = Debug|Any CPU
		{D31A565C-8F24-4981-9E4A-BE0F4DACF500}.Debug|Any CPU.Build.0 = Debug|Any CPU
		{D31A565C-8F24-4981-9E4A-BE0F4DACF500}.Release|Any CPU.ActiveCfg = Release|Any CPU
		{D31A565C-8F24-4981-9E4A-BE0F4DACF500}.Release|Any CPU.Build.0 = Release|Any CPU
		{E9AA11F5-7351-416A-90DC-8A7C64E8BAB2}.Debug|Any CPU.ActiveCfg = Debug|Any CPU
		{E9AA11F5-7351-416A-90DC-8A7C64E8BAB2}.Debug|Any CPU.Build.0 = Debug|Any CPU
		{E9AA11F5-7351-416A-90DC-8A7C64E8BAB2}.Release|Any CPU.ActiveCfg = Release|Any CPU
		{E9AA11F5-7351-416A-90DC-8A7C64E8BAB2}.Release|Any CPU.Build.0 = Release|Any CPU
		{2281412F-FD26-40C9-AF37-3D305D21CFA7}.Debug|Any CPU.ActiveCfg = Debug|Any CPU
		{2281412F-FD26-40C9-AF37-3D305D21CFA7}.Debug|Any CPU.Build.0 = Debug|Any CPU
		{2281412F-FD26-40C9-AF37-3D305D21CFA7}.Release|Any CPU.ActiveCfg = Release|Any CPU
		{2281412F-FD26-40C9-AF37-3D305D21CFA7}.Release|Any CPU.Build.0 = Release|Any CPU
		{28D96D29-35F7-4483-91DF-8B5319AB0F27}.Debug|Any CPU.ActiveCfg = Debug|Any CPU
		{28D96D29-35F7-4483-91DF-8B5319AB0F27}.Debug|Any CPU.Build.0 = Debug|Any CPU
		{28D96D29-35F7-4483-91DF-8B5319AB0F27}.Release|Any CPU.ActiveCfg = Release|Any CPU
		{28D96D29-35F7-4483-91DF-8B5319AB0F27}.Release|Any CPU.Build.0 = Release|Any CPU
	EndGlobalSection
EndGlobal
