
Microsoft Visual Studio Solution File, Format Version 12.00
Project("{FAE04EC0-301F-11D3-BF4B-00C04F79EFBC}") = "LabOneA", "LabOneA\LabOneA.csproj", "{11239F00-52AF-4444-A45F-5B4DF0FF237D}"
EndProject
Project("{FAE04EC0-301F-11D3-BF4B-00C04F79EFBC}") = "LabOneB", "LabOneB\LabOneB.csproj", "{B354F310-B923-4B0C-B6D6-C83B0C293DBA}"
EndProject
Project("{FAE04EC0-301F-11D3-BF4B-00C04F79EFBC}") = "LabTwoA", "LabTwoA\LabTwoA.csproj", "{58856E84-2E89-41F1-A1BC-BBF53C4FDE56}"
EndProject
Project("{FAE04EC0-301F-11D3-BF4B-00C04F79EFBC}") = "AssignmentOneB", "AssignmentOneB\AssignmentOneB.csproj", "{F90C71D2-4C2B-412C-B957-90DF58EF96C6}"
EndProject
Project("{FAE04EC0-301F-11D3-BF4B-00C04F79EFBC}") = "AssignmentTwoB", "AssignmentTwoB\AssignmentTwoB.csproj", "{38EC8380-7032-437F-9BCC-985FB87BB2EC}"
EndProject
Project("{FAE04EC0-301F-11D3-BF4B-00C04F79EFBC}") = "LabTwoB", "LabTwoB\LabTwoB.csproj", "{0FA876F3-350B-4D72-ACD1-0A21AB93E26C}"
EndProject
Project("{FAE04EC0-301F-11D3-BF4B-00C04F79EFBC}") = "LabThreeA", "LabThreeA\LabThreeA.csproj", "{F774BE49-72B0-4987-93ED-8D4836830DD4}"
EndProject
Project("{FAE04EC0-301F-11D3-BF4B-00C04F79EFBC}") = "AssignmentThreeB", "AssignmentThreeB\AssignmentThreeB.csproj", "{E1F23F13-B09C-4A3B-BA9B-88138D1ED807}"
EndProject
Global
	GlobalSection(SolutionConfigurationPlatforms) = preSolution
		Debug|Any CPU = Debug|Any CPU
		Release|Any CPU = Release|Any CPU
	EndGlobalSection
	GlobalSection(ProjectConfigurationPlatforms) = postSolution
		{11239F00-52AF-4444-A45F-5B4DF0FF237D}.Debug|Any CPU.ActiveCfg = Debug|Any CPU
		{11239F00-52AF-4444-A45F-5B4DF0FF237D}.Debug|Any CPU.Build.0 = Debug|Any CPU
		{11239F00-52AF-4444-A45F-5B4DF0FF237D}.Release|Any CPU.ActiveCfg = Release|Any CPU
		{11239F00-52AF-4444-A45F-5B4DF0FF237D}.Release|Any CPU.Build.0 = Release|Any CPU
		{B354F310-B923-4B0C-B6D6-C83B0C293DBA}.Debug|Any CPU.ActiveCfg = Debug|Any CPU
		{B354F310-B923-4B0C-B6D6-C83B0C293DBA}.Debug|Any CPU.Build.0 = Debug|Any CPU
		{B354F310-B923-4B0C-B6D6-C83B0C293DBA}.Release|Any CPU.ActiveCfg = Release|Any CPU
		{B354F310-B923-4B0C-B6D6-C83B0C293DBA}.Release|Any CPU.Build.0 = Release|Any CPU
		{58856E84-2E89-41F1-A1BC-BBF53C4FDE56}.Debug|Any CPU.ActiveCfg = Debug|Any CPU
		{58856E84-2E89-41F1-A1BC-BBF53C4FDE56}.Debug|Any CPU.Build.0 = Debug|Any CPU
		{58856E84-2E89-41F1-A1BC-BBF53C4FDE56}.Release|Any CPU.ActiveCfg = Release|Any CPU
		{58856E84-2E89-41F1-A1BC-BBF53C4FDE56}.Release|Any CPU.Build.0 = Release|Any CPU
		{F90C71D2-4C2B-412C-B957-90DF58EF96C6}.Debug|Any CPU.ActiveCfg = Debug|Any CPU
		{F90C71D2-4C2B-412C-B957-90DF58EF96C6}.Debug|Any CPU.Build.0 = Debug|Any CPU
		{F90C71D2-4C2B-412C-B957-90DF58EF96C6}.Release|Any CPU.ActiveCfg = Release|Any CPU
		{F90C71D2-4C2B-412C-B957-90DF58EF96C6}.Release|Any CPU.Build.0 = Release|Any CPU
		{38EC8380-7032-437F-9BCC-985FB87BB2EC}.Debug|Any CPU.ActiveCfg = Debug|Any CPU
		{38EC8380-7032-437F-9BCC-985FB87BB2EC}.Debug|Any CPU.Build.0 = Debug|Any CPU
		{38EC8380-7032-437F-9BCC-985FB87BB2EC}.Release|Any CPU.ActiveCfg = Release|Any CPU
		{38EC8380-7032-437F-9BCC-985FB87BB2EC}.Release|Any CPU.Build.0 = Release|Any CPU
		{0FA876F3-350B-4D72-ACD1-0A21AB93E26C}.Debug|Any CPU.ActiveCfg = Debug|Any CPU
		{0FA876F3-350B-4D72-ACD1-0A21AB93E26C}.Debug|Any CPU.Build.0 = Debug|Any CPU
		{0FA876F3-350B-4D72-ACD1-0A21AB93E26C}.Release|Any CPU.ActiveCfg = Release|Any CPU
		{0FA876F3-350B-4D72-ACD1-0A21AB93E26C}.Release|Any CPU.Build.0 = Release|Any CPU
		{F774BE49-72B0-4987-93ED-8D4836830DD4}.Debug|Any CPU.ActiveCfg = Debug|Any CPU
		{F774BE49-72B0-4987-93ED-8D4836830DD4}.Debug|Any CPU.Build.0 = Debug|Any CPU
		{F774BE49-72B0-4987-93ED-8D4836830DD4}.Release|Any CPU.ActiveCfg = Release|Any CPU
		{F774BE49-72B0-4987-93ED-8D4836830DD4}.Release|Any CPU.Build.0 = Release|Any CPU
		{E1F23F13-B09C-4A3B-BA9B-88138D1ED807}.Debug|Any CPU.ActiveCfg = Debug|Any CPU
		{E1F23F13-B09C-4A3B-BA9B-88138D1ED807}.Debug|Any CPU.Build.0 = Debug|Any CPU
		{E1F23F13-B09C-4A3B-BA9B-88138D1ED807}.Release|Any CPU.ActiveCfg = Release|Any CPU
		{E1F23F13-B09C-4A3B-BA9B-88138D1ED807}.Release|Any CPU.Build.0 = Release|Any CPU
	EndGlobalSection
EndGlobal
